<?xml version="1.0" encoding="utf-8"?>
<Project ToolsVersion="4.0" xmlns="http://schemas.microsoft.com/developer/msbuild/2003">
  <ItemGroup>
    <Filter Include="Source Files">
      <UniqueIdentifier>{4FC737F1-C7A5-4376-A066-2A32D752A2FF}</UniqueIdentifier>
      <Extensions>cpp;c;cc;cxx;c++;cppm;ixx;def;odl;idl;hpj;bat;asm;asmx</Extensions>
    </Filter>
    <Filter Include="Header Files">
      <UniqueIdentifier>{93995380-89BD-4b04-88EB-625FBE52EBFB}</UniqueIdentifier>
      <Extensions>h;hh;hpp;hxx;h++;hm;inl;inc;ipp;xsd</Extensions>
    </Filter>
    <Filter Include="Resource Files">
      <UniqueIdentifier>{67DA6AB6-F800-4c08-8B7A-83BB121AAD01}</UniqueIdentifier>
      <Extensions>rc;ico;cur;bmp;dlg;rc2;rct;bin;rgs;gif;jpg;jpeg;jpe;resx;tiff;tif;png;wav;mfcribbon-ms</Extensions>
    </Filter>
  </ItemGroup>
  <ItemGroup>
    <ClCompile Include="src\main.c">
      <Filter>Source Files</Filter>
    </ClCompile>
    <ClCompile Include="src\engine\math\de_vec2.c">
      <Filter>Source Files</Filter>
    </ClCompile>
    <ClCompile Include="src\engine\math\de_vec3.c">
      <Filter>Source Files</Filter>
    </ClCompile>
    <ClCompile Include="src\engine\math\de_vec4.c">
      <Filter>Source Files</Filter>
    </ClCompile>
    <ClCompile Include="src\engine\math\de_mat4.c">
      <Filter>Source Files</Filter>
    </ClCompile>
    <ClCompile Include="src\engine\math\de_mat3.c">
      <Filter>Source Files</Filter>
    </ClCompile>
    <ClCompile Include="src\engine\gfx\de_gfx.c">
      <Filter>Source Files</Filter>
    </ClCompile>
    <ClCompile Include="src\engine\gfx\glad.c">
      <Filter>Source Files</Filter>
    </ClCompile>
    <ClCompile Include="src\engine\core\de_orbit_camera.c">
      <Filter>Source Files</Filter>
    </ClCompile>
    <ClCompile Include="src\engine\core\de_util.c">
      <Filter>Source Files</Filter>
    </ClCompile>
    <ClCompile Include="src\engine\core\de_fps_camera.c">
      <Filter>Source Files</Filter>
    </ClCompile>
    <ClCompile Include="src\engine\3d\de_vao.c">
      <Filter>Source Files</Filter>
    </ClCompile>
    <ClCompile Include="src\engine\3d\de_vbo.c">
      <Filter>Source Files</Filter>
    </ClCompile>
    <ClCompile Include="src\engine\3d\de_ebo.c">
      <Filter>Source Files</Filter>
    </ClCompile>
    <ClCompile Include="src\engine\3d\de_tbo.c">
      <Filter>Source Files</Filter>
    </ClCompile>
    <ClCompile Include="src\engine\3d\de_shader.c">
      <Filter>Source Files</Filter>
    </ClCompile>
    <ClCompile Include="src\engine\3d\de_program.c">
      <Filter>Source Files</Filter>
    </ClCompile>
    <ClCompile Include="src\engine\gfx\de_scene.c">
      <Filter>Source Files</Filter>
    </ClCompile>
    <ClCompile Include="src\playground\splash_screen.c">
      <Filter>Source Files</Filter>
    </ClCompile>
    <ClCompile Include="src\playground\title_screen.c">
      <Filter>Source Files</Filter>
    </ClCompile>
    <ClCompile Include="src\engine\sfx\de_sfx.c">
      <Filter>Source Files</Filter>
    </ClCompile>
    <ClCompile Include="src\engine\3d\de_buffer.c">
      <Filter>Source Files</Filter>
    </ClCompile>
    <ClCompile Include="src\engine\3d\de_game_object.c">
      <Filter>Source Files</Filter>
    </ClCompile>
    <ClCompile Include="src\engine\3d\de_quad.c">
      <Filter>Source Files</Filter>
    </ClCompile>
    <ClCompile Include="src\engine\3d\de_cube.c">
      <Filter>Source Files</Filter>
    </ClCompile>
    <ClCompile Include="src\engine\core\de_camera.c">
      <Filter>Source Files</Filter>
    </ClCompile>
    <ClCompile Include="src\engine\math\de_math.c">
      <Filter>Source Files</Filter>
    </ClCompile>
    <ClCompile Include="src\engine\io\de_obj_loader.c">
      <Filter>Source Files</Filter>
    </ClCompile>
    <ClCompile Include="src\engine\3d\de_mesh.c">
      <Filter>Source Files</Filter>
    </ClCompile>
    <ClCompile Include="src\engine\core\de_list.c">
      <Filter>Source Files</Filter>
    </ClCompile>
    <ClCompile Include="src\engine\core\de_set.c">
      <Filter>Source Files</Filter>
    </ClCompile>
    <ClCompile Include="src\engine\core\de_queue.c">
      <Filter>Source Files</Filter>
    </ClCompile>
    <ClCompile Include="src\engine\gfx\de_color.c">
      <Filter>Source Files</Filter>
    </ClCompile>
  </ItemGroup>
  <ItemGroup>
    <ClInclude Include="src\include\pch.h">
      <Filter>Header Files</Filter>
    </ClInclude>
    <ClInclude Include="src\include\de_vector.h">
      <Filter>Header Files</Filter>
    </ClInclude>
    <ClInclude Include="src\include\de_matrix.h">
      <Filter>Header Files</Filter>
    </ClInclude>
    <ClInclude Include="src\include\de_gfx.h">
      <Filter>Header Files</Filter>
    </ClInclude>
    <ClInclude Include="src\include\de_util.h">
      <Filter>Header Files</Filter>
    </ClInclude>
    <ClInclude Include="src\include\glad\glad.h">
      <Filter>Header Files</Filter>
    </ClInclude>
    <ClInclude Include="src\include\KHR\khrplatform.h">
      <Filter>Header Files</Filter>
    </ClInclude>
    <ClInclude Include="src\include\de_camera.h">
      <Filter>Header Files</Filter>
    </ClInclude>
    <ClInclude Include="src\include\de_buffer.h">
      <Filter>Header Files</Filter>
    </ClInclude>
    <ClInclude Include="src\include\de_program.h">
      <Filter>Header Files</Filter>
    </ClInclude>
    <ClInclude Include="src\include\de_shader.h">
      <Filter>Header Files</Filter>
    </ClInclude>
    <ClInclude Include="src\include\de_scene.h">
      <Filter>Header Files</Filter>
    </ClInclude>
    <ClInclude Include="src\playground\splash_screen.h">
      <Filter>Header Files</Filter>
    </ClInclude>
    <ClInclude Include="src\playground\title_screen.h">
      <Filter>Header Files</Filter>
    </ClInclude>
    <ClInclude Include="src\include\de_sfx.h">
      <Filter>Header Files</Filter>
    </ClInclude>
    <ClInclude Include="src\include\de_model.h">
      <Filter>Header Files</Filter>
    </ClInclude>
    <ClInclude Include="src\include\de_game_object.h">
      <Filter>Header Files</Filter>
    </ClInclude>
    <ClInclude Include="src\include\de_quad.h">
      <Filter>Header Files</Filter>
    </ClInclude>
    <ClInclude Include="src\include\de_cube.h">
      <Filter>Header Files</Filter>
    </ClInclude>
    <ClInclude Include="src\include\de_math.h">
      <Filter>Header Files</Filter>
    </ClInclude>
    <ClInclude Include="src\include\de_mesh.h">
      <Filter>Header Files</Filter>
    </ClInclude>
    <ClInclude Include="src\include\de_obj_loader.h">
      <Filter>Header Files</Filter>
    </ClInclude>
    <ClInclude Include="src\include\de_collection.h">
      <Filter>Header Files</Filter>
    </ClInclude>
    <ClInclude Include="src\include\de_color.h">
      <Filter>Header Files</Filter>
    </ClInclude>
  </ItemGroup>
  <ItemGroup>
    <None Include=".gitattributes" />
    <None Include=".gitignore" />
    <None Include="README.md" />
    <None Include="data\images\.gitkeep" />
    <None Include="data\fonts\.gitkeep" />
    <None Include="data\audios\.gitkeep" />
    <None Include="data\shaders\basic.frag" />
    <None Include="data\shaders\basic.vert" />
    <None Include="data\shaders\blinn-phong.frag" />
    <None Include="data\shaders\blinn-phong.vert" />
    <None Include="data\shaders\blinn-phong-materials.frag" />
    <None Include="data\shaders\blinn-phong-materials.vert" />
    <None Include="data\shaders\card-directional-light.frag" />
    <None Include="data\shaders\directional-light.frag" />
    <None Include="data\shaders\directional-light.vert" />
    <None Include="data\shaders\fresnel.frag" />
    <None Include="data\shaders\fresnel.vert" />
    <None Include="data\shaders\point-light.frag" />
    <None Include="data\shaders\point-light.vert" />
    <None Include="data\shaders\spot-light.frag" />
    <None Include="data\shaders\spot-light.vert" />
    <None Include="data\storage\.gitkeep" />
    <None Include="data\audios\cardPlace4.ogg" />
    <None Include="data\audios\cardShove2.ogg" />
    <None Include="data\shaders\cube.frag" />
    <None Include="data\shaders\cube.vert" />
    <None Include="data\binary\.gitkeep" />
  </ItemGroup>
  <ItemGroup>
    <Text Include="LICENSE.txt" />
  </ItemGroup>
  <ItemGroup>
    <Media Include="data\audios\back.wav">
      <Filter>Resource Files</Filter>
    </Media>
    <Media Include="data\audios\bate.mp3" />
    <Media Include="data\audios\ok.wav">
      <Filter>Resource Files</Filter>
    </Media>
  </ItemGroup>
  <ItemGroup>
    <Image Include="data\images\2cop.png">
      <Filter>Resource Files</Filter>
    </Image>
    <Image Include="data\images\2esp.png">
      <Filter>Resource Files</Filter>
    </Image>
    <Image Include="data\images\2our.png">
      <Filter>Resource Files</Filter>
    </Image>
    <Image Include="data\images\2pa.png">
      <Filter>Resource Files</Filter>
    </Image>
    <Image Include="data\images\3cop.png">
      <Filter>Resource Files</Filter>
    </Image>
    <Image Include="data\images\3esp.png">
      <Filter>Resource Files</Filter>
    </Image>
    <Image Include="data\images\3our.png">
      <Filter>Resource Files</Filter>
    </Image>
    <Image Include="data\images\3pa.png">
      <Filter>Resource Files</Filter>
    </Image>
    <Image Include="data\images\4cop.png">
      <Filter>Resource Files</Filter>
    </Image>
    <Image Include="data\images\4esp.png">
      <Filter>Resource Files</Filter>
    </Image>
    <Image Include="data\images\4our.png">
      <Filter>Resource Files</Filter>
    </Image>
    <Image Include="data\images\4pa.png">
      <Filter>Resource Files</Filter>
    </Image>
    <Image Include="data\images\5cop.png">
      <Filter>Resource Files</Filter>
    </Image>
    <Image Include="data\images\5esp.png">
      <Filter>Resource Files</Filter>
    </Image>
    <Image Include="data\images\5our.png">
      <Filter>Resource Files</Filter>
    </Image>
    <Image Include="data\images\5pa.png">
      <Filter>Resource Files</Filter>
    </Image>
    <Image Include="data\images\6cop.png">
      <Filter>Resource Files</Filter>
    </Image>
    <Image Include="data\images\6esp.png">
      <Filter>Resource Files</Filter>
    </Image>
    <Image Include="data\images\6our.png">
      <Filter>Resource Files</Filter>
    </Image>
    <Image Include="data\images\6pa.png">
      <Filter>Resource Files</Filter>
    </Image>
    <Image Include="data\images\7cop.png">
      <Filter>Resource Files</Filter>
    </Image>
    <Image Include="data\images\7esp.png">
      <Filter>Resource Files</Filter>
    </Image>
    <Image Include="data\images\7our.png">
      <Filter>Resource Files</Filter>
    </Image>
    <Image Include="data\images\7pa.png">
      <Filter>Resource Files</Filter>
    </Image>
    <Image Include="data\images\8cop.png">
      <Filter>Resource Files</Filter>
    </Image>
    <Image Include="data\images\8esp.png">
      <Filter>Resource Files</Filter>
    </Image>
    <Image Include="data\images\8our.png">
      <Filter>Resource Files</Filter>
    </Image>
    <Image Include="data\images\8pa.png">
      <Filter>Resource Files</Filter>
    </Image>
    <Image Include="data\images\9cop.png">
      <Filter>Resource Files</Filter>
    </Image>
    <Image Include="data\images\9esp.png">
      <Filter>Resource Files</Filter>
    </Image>
    <Image Include="data\images\9our.png">
      <Filter>Resource Files</Filter>
    </Image>
    <Image Include="data\images\9pa.png">
      <Filter>Resource Files</Filter>
    </Image>
    <Image Include="data\images\10cop.png">
      <Filter>Resource Files</Filter>
    </Image>
    <Image Include="data\images\10esp.png">
      <Filter>Resource Files</Filter>
    </Image>
    <Image Include="data\images\10our.png">
      <Filter>Resource Files</Filter>
    </Image>
    <Image Include="data\images\10pa.png">
      <Filter>Resource Files</Filter>
    </Image>
    <Image Include="data\images\acop.png">
      <Filter>Resource Files</Filter>
    </Image>
    <Image Include="data\images\aesp.png">
      <Filter>Resource Files</Filter>
    </Image>
    <Image Include="data\images\aour.png">
      <Filter>Resource Files</Filter>
    </Image>
    <Image Include="data\images\apa.png">
      <Filter>Resource Files</Filter>
    </Image>
    <Image Include="data\images\background.png">
      <Filter>Resource Files</Filter>
    </Image>
    <Image Include="data\images\cback01.png">
      <Filter>Resource Files</Filter>
    </Image>
    <Image Include="data\images\cback02.png">
      <Filter>Resource Files</Filter>
    </Image>
    <Image Include="data\images\cback03.png">
      <Filter>Resource Files</Filter>
    </Image>
    <Image Include="data\images\cback04.png">
      <Filter>Resource Files</Filter>
    </Image>
    <Image Include="data\images\crate.jpg">
      <Filter>Resource Files</Filter>
    </Image>
    <Image Include="data\images\cube.png">
      <Filter>Resource Files</Filter>
    </Image>
    <Image Include="data\images\easy.png">
      <Filter>Resource Files</Filter>
    </Image>
    <Image Include="data\images\grid.jpg">
      <Filter>Resource Files</Filter>
    </Image>
    <Image Include="data\images\hard.png">
      <Filter>Resource Files</Filter>
    </Image>
    <Image Include="data\images\icon.png">
      <Filter>Resource Files</Filter>
    </Image>
    <Image Include="data\images\jcop.png">
      <Filter>Resource Files</Filter>
    </Image>
    <Image Include="data\images\jesp.png">
      <Filter>Resource Files</Filter>
    </Image>
    <Image Include="data\images\jokerblack.png">
      <Filter>Resource Files</Filter>
    </Image>
    <Image Include="data\images\jokerblack1.png">
      <Filter>Resource Files</Filter>
    </Image>
    <Image Include="data\images\jokercolor1.png">
      <Filter>Resource Files</Filter>
    </Image>
    <Image Include="data\images\jokergreen.png">
      <Filter>Resource Files</Filter>
    </Image>
    <Image Include="data\images\jokergreen1.png">
      <Filter>Resource Files</Filter>
    </Image>
    <Image Include="data\images\jokerredblue.png">
      <Filter>Resource Files</Filter>
    </Image>
    <Image Include="data\images\jour.png">
      <Filter>Resource Files</Filter>
    </Image>
    <Image Include="data\images\jpa.png">
      <Filter>Resource Files</Filter>
    </Image>
    <Image Include="data\images\kcop.png">
      <Filter>Resource Files</Filter>
    </Image>
    <Image Include="data\images\kesp.png">
      <Filter>Resource Files</Filter>
    </Image>
    <Image Include="data\images\kour.png">
      <Filter>Resource Files</Filter>
    </Image>
    <Image Include="data\images\kpa.png">
      <Filter>Resource Files</Filter>
    </Image>
    <Image Include="data\images\logo.png">
      <Filter>Resource Files</Filter>
    </Image>
    <Image Include="data\images\newback11.png">
      <Filter>Resource Files</Filter>
    </Image>
    <Image Include="data\images\newback22.png">
      <Filter>Resource Files</Filter>
    </Image>
    <Image Include="data\images\newback23.png">
      <Filter>Resource Files</Filter>
    </Image>
    <Image Include="data\images\newback24.png">
      <Filter>Resource Files</Filter>
    </Image>
    <Image Include="data\images\newback25.png">
      <Filter>Resource Files</Filter>
    </Image>
    <Image Include="data\images\newback33.png">
      <Filter>Resource Files</Filter>
    </Image>
    <Image Include="data\images\normal.png">
      <Filter>Resource Files</Filter>
    </Image>
    <Image Include="data\images\qcop.png">
      <Filter>Resource Files</Filter>
    </Image>
    <Image Include="data\images\qesp.png">
      <Filter>Resource Files</Filter>
    </Image>
    <Image Include="data\images\qour.png">
      <Filter>Resource Files</Filter>
    </Image>
    <Image Include="data\images\qpa.png">
      <Filter>Resource Files</Filter>
    </Image>
    <Image Include="data\images\shadow.png">
      <Filter>Resource Files</Filter>
    </Image>
    <Image Include="data\images\table17.png">
      <Filter>Resource Files</Filter>
    </Image>
    <Image Include="data\icon.png">
      <Filter>Resource Files</Filter>
    </Image>
  </ItemGroup>
</Project>